// !$*UTF8*$!
{
	archiveVersion = 1;
	classes = {
	};
	objectVersion = 51;
	objects = {

/* Begin PBXBuildFile section */
		39064E6726797F3D008E9876 /* SearchUserSessionCell.swift in Sources */ = {isa = PBXBuildFile; fileRef = 39064E6526797F3D008E9876 /* SearchUserSessionCell.swift */; };
		39064E6826797F3D008E9876 /* FriendSessionCell.xib in Resources */ = {isa = PBXBuildFile; fileRef = 39064E6626797F3D008E9876 /* FriendSessionCell.xib */; };
		39064E6A2679AEEB008E9876 /* SearchUser.swift in Sources */ = {isa = PBXBuildFile; fileRef = 39064E692679AEEB008E9876 /* SearchUser.swift */; };
		39064E6E267A5620008E9876 /* GoogleService-Info.plist in Resources */ = {isa = PBXBuildFile; fileRef = 39064E6D267A5620008E9876 /* GoogleService-Info.plist */; };
		391373FE2684E14500C9943B /* FriendReqCell.swift in Sources */ = {isa = PBXBuildFile; fileRef = 391373FC2684E14500C9943B /* FriendReqCell.swift */; };
		391373FF2684E14500C9943B /* FriendReqCell.xib in Resources */ = {isa = PBXBuildFile; fileRef = 391373FD2684E14500C9943B /* FriendReqCell.xib */; };
		391374012684E8A400C9943B /* FriendRequestViewController.swift in Sources */ = {isa = PBXBuildFile; fileRef = 391374002684E8A400C9943B /* FriendRequestViewController.swift */; };
		392B92EA2660A53600686C41 /* AppDelegate.swift in Sources */ = {isa = PBXBuildFile; fileRef = 392B92E92660A53600686C41 /* AppDelegate.swift */; };
		392B92EC2660A53600686C41 /* SceneDelegate.swift in Sources */ = {isa = PBXBuildFile; fileRef = 392B92EB2660A53600686C41 /* SceneDelegate.swift */; };
		392B92EE2660A53600686C41 /* LoginViewController.swift in Sources */ = {isa = PBXBuildFile; fileRef = 392B92ED2660A53600686C41 /* LoginViewController.swift */; };
		392B92F12660A53600686C41 /* Main.storyboard in Resources */ = {isa = PBXBuildFile; fileRef = 392B92EF2660A53600686C41 /* Main.storyboard */; };
		392B92F32660A53700686C41 /* Assets.xcassets in Resources */ = {isa = PBXBuildFile; fileRef = 392B92F22660A53700686C41 /* Assets.xcassets */; };
		392B92F62660A53700686C41 /* LaunchScreen.storyboard in Resources */ = {isa = PBXBuildFile; fileRef = 392B92F42660A53700686C41 /* LaunchScreen.storyboard */; };
		392B93092660CA0A00686C41 /* SignUpViewController.swift in Sources */ = {isa = PBXBuildFile; fileRef = 392B93082660CA0A00686C41 /* SignUpViewController.swift */; };
		392B930B2660DAA000686C41 /* HomeViewController.swift in Sources */ = {isa = PBXBuildFile; fileRef = 392B930A2660DAA000686C41 /* HomeViewController.swift */; };
		392B930D2660E13500686C41 /* ProfileViewController.swift in Sources */ = {isa = PBXBuildFile; fileRef = 392B930C2660E13500686C41 /* ProfileViewController.swift */; };
		392B930F2660E19B00686C41 /* SearchViewController.swift in Sources */ = {isa = PBXBuildFile; fileRef = 392B930E2660E19B00686C41 /* SearchViewController.swift */; };
		392B931926611AC900686C41 /* MovieMatchesViewController.swift in Sources */ = {isa = PBXBuildFile; fileRef = 392B931826611AC900686C41 /* MovieMatchesViewController.swift */; };
		93E4D04FF49D4A81E113F5E3 /* Pods_CineMatch_v1.framework in Frameworks */ = {isa = PBXBuildFile; fileRef = A3933FDB22B3CDB6FF3ECF56 /* Pods_CineMatch_v1.framework */; };
		B10348EE26A16D61003B9C20 /* MovieCards.swift in Sources */ = {isa = PBXBuildFile; fileRef = B10348ED26A16D61003B9C20 /* MovieCards.swift */; };
		B10348F626A16DBA003B9C20 /* ApiService.swift in Sources */ = {isa = PBXBuildFile; fileRef = B10348F526A16DBA003B9C20 /* ApiService.swift */; };
		B10348FB26A16E12003B9C20 /* CardViewModel.swift in Sources */ = {isa = PBXBuildFile; fileRef = B10348FA26A16E12003B9C20 /* CardViewModel.swift */; };
		B10348FF26A16E29003B9C20 /* CardViewController.swift in Sources */ = {isa = PBXBuildFile; fileRef = B10348FE26A16E29003B9C20 /* CardViewController.swift */; };
		B103490226A171BD003B9C20 /* MovieDetailsViewController.swift in Sources */ = {isa = PBXBuildFile; fileRef = B103490126A171BD003B9C20 /* MovieDetailsViewController.swift */; };
		B103490A26A186A6003B9C20 /* MyCollectionViewCell.swift in Sources */ = {isa = PBXBuildFile; fileRef = B103490826A186A6003B9C20 /* MyCollectionViewCell.swift */; };
		B103490B26A186A6003B9C20 /* MyCollectionViewCell.xib in Resources */ = {isa = PBXBuildFile; fileRef = B103490926A186A6003B9C20 /* MyCollectionViewCell.xib */; };
		B103490E26A186F3003B9C20 /* CollectionViewController.swift in Sources */ = {isa = PBXBuildFile; fileRef = B103490D26A186F3003B9C20 /* CollectionViewController.swift */; };
		B12ACB462682088300EDBBD9 /* DatabaseManager.swift in Sources */ = {isa = PBXBuildFile; fileRef = B12ACB452682088300EDBBD9 /* DatabaseManager.swift */; };
		B16E81AB267DA78800045056 /* CountryManager.swift in Sources */ = {isa = PBXBuildFile; fileRef = B16E81AA267DA78800045056 /* CountryManager.swift */; };
/* End PBXBuildFile section */

/* Begin PBXFileReference section */
		39064E6526797F3D008E9876 /* SearchUserSessionCell.swift */ = {isa = PBXFileReference; lastKnownFileType = sourcecode.swift; path = SearchUserSessionCell.swift; sourceTree = "<group>"; };
		39064E6626797F3D008E9876 /* FriendSessionCell.xib */ = {isa = PBXFileReference; lastKnownFileType = file.xib; path = FriendSessionCell.xib; sourceTree = "<group>"; };
		39064E692679AEEB008E9876 /* SearchUser.swift */ = {isa = PBXFileReference; lastKnownFileType = sourcecode.swift; path = SearchUser.swift; sourceTree = "<group>"; };
		39064E6D267A5620008E9876 /* GoogleService-Info.plist */ = {isa = PBXFileReference; fileEncoding = 4; lastKnownFileType = text.plist.xml; path = "GoogleService-Info.plist"; sourceTree = "<group>"; };
		391373FC2684E14500C9943B /* FriendReqCell.swift */ = {isa = PBXFileReference; lastKnownFileType = sourcecode.swift; path = FriendReqCell.swift; sourceTree = "<group>"; };
		391373FD2684E14500C9943B /* FriendReqCell.xib */ = {isa = PBXFileReference; lastKnownFileType = file.xib; path = FriendReqCell.xib; sourceTree = "<group>"; };
		391374002684E8A400C9943B /* FriendRequestViewController.swift */ = {isa = PBXFileReference; lastKnownFileType = sourcecode.swift; path = FriendRequestViewController.swift; sourceTree = "<group>"; };
		392B92E62660A53600686C41 /* CineMatch_v1.app */ = {isa = PBXFileReference; explicitFileType = wrapper.application; includeInIndex = 0; path = CineMatch_v1.app; sourceTree = BUILT_PRODUCTS_DIR; };
		392B92E92660A53600686C41 /* AppDelegate.swift */ = {isa = PBXFileReference; lastKnownFileType = sourcecode.swift; path = AppDelegate.swift; sourceTree = "<group>"; };
		392B92EB2660A53600686C41 /* SceneDelegate.swift */ = {isa = PBXFileReference; lastKnownFileType = sourcecode.swift; path = SceneDelegate.swift; sourceTree = "<group>"; };
		392B92ED2660A53600686C41 /* LoginViewController.swift */ = {isa = PBXFileReference; lastKnownFileType = sourcecode.swift; path = LoginViewController.swift; sourceTree = "<group>"; };
		392B92F02660A53600686C41 /* Base */ = {isa = PBXFileReference; lastKnownFileType = file.storyboard; name = Base; path = Base.lproj/Main.storyboard; sourceTree = "<group>"; };
		392B92F22660A53700686C41 /* Assets.xcassets */ = {isa = PBXFileReference; lastKnownFileType = folder.assetcatalog; path = Assets.xcassets; sourceTree = "<group>"; };
		392B92F52660A53700686C41 /* Base */ = {isa = PBXFileReference; lastKnownFileType = file.storyboard; name = Base; path = Base.lproj/LaunchScreen.storyboard; sourceTree = "<group>"; };
		392B92F72660A53700686C41 /* Info.plist */ = {isa = PBXFileReference; lastKnownFileType = text.plist.xml; path = Info.plist; sourceTree = "<group>"; };
		392B93082660CA0A00686C41 /* SignUpViewController.swift */ = {isa = PBXFileReference; lastKnownFileType = sourcecode.swift; path = SignUpViewController.swift; sourceTree = "<group>"; };
		392B930A2660DAA000686C41 /* HomeViewController.swift */ = {isa = PBXFileReference; lastKnownFileType = sourcecode.swift; path = HomeViewController.swift; sourceTree = "<group>"; };
		392B930C2660E13500686C41 /* ProfileViewController.swift */ = {isa = PBXFileReference; lastKnownFileType = sourcecode.swift; path = ProfileViewController.swift; sourceTree = "<group>"; };
		392B930E2660E19B00686C41 /* SearchViewController.swift */ = {isa = PBXFileReference; lastKnownFileType = sourcecode.swift; path = SearchViewController.swift; sourceTree = "<group>"; };
		392B931826611AC900686C41 /* MovieMatchesViewController.swift */ = {isa = PBXFileReference; lastKnownFileType = sourcecode.swift; path = MovieMatchesViewController.swift; sourceTree = "<group>"; };
		3BB3476C801139DD1FB5AB40 /* Pods-CineMatch_v1.release.xcconfig */ = {isa = PBXFileReference; includeInIndex = 1; lastKnownFileType = text.xcconfig; name = "Pods-CineMatch_v1.release.xcconfig"; path = "Target Support Files/Pods-CineMatch_v1/Pods-CineMatch_v1.release.xcconfig"; sourceTree = "<group>"; };
		561D04CA5DDDECE131D6AC23 /* Pods-CineMatch_v1.debug.xcconfig */ = {isa = PBXFileReference; includeInIndex = 1; lastKnownFileType = text.xcconfig; name = "Pods-CineMatch_v1.debug.xcconfig"; path = "Target Support Files/Pods-CineMatch_v1/Pods-CineMatch_v1.debug.xcconfig"; sourceTree = "<group>"; };
		A3933FDB22B3CDB6FF3ECF56 /* Pods_CineMatch_v1.framework */ = {isa = PBXFileReference; explicitFileType = wrapper.framework; includeInIndex = 0; path = Pods_CineMatch_v1.framework; sourceTree = BUILT_PRODUCTS_DIR; };
		B10348ED26A16D61003B9C20 /* MovieCards.swift */ = {isa = PBXFileReference; lastKnownFileType = sourcecode.swift; path = MovieCards.swift; sourceTree = "<group>"; };
		B10348F526A16DBA003B9C20 /* ApiService.swift */ = {isa = PBXFileReference; lastKnownFileType = sourcecode.swift; path = ApiService.swift; sourceTree = "<group>"; };
		B10348FA26A16E12003B9C20 /* CardViewModel.swift */ = {isa = PBXFileReference; lastKnownFileType = sourcecode.swift; path = CardViewModel.swift; sourceTree = "<group>"; };
		B10348FE26A16E29003B9C20 /* CardViewController.swift */ = {isa = PBXFileReference; lastKnownFileType = sourcecode.swift; path = CardViewController.swift; sourceTree = "<group>"; };
		B103490126A171BD003B9C20 /* MovieDetailsViewController.swift */ = {isa = PBXFileReference; lastKnownFileType = sourcecode.swift; path = MovieDetailsViewController.swift; sourceTree = "<group>"; };
		B103490826A186A6003B9C20 /* MyCollectionViewCell.swift */ = {isa = PBXFileReference; lastKnownFileType = sourcecode.swift; path = MyCollectionViewCell.swift; sourceTree = "<group>"; };
		B103490926A186A6003B9C20 /* MyCollectionViewCell.xib */ = {isa = PBXFileReference; lastKnownFileType = file.xib; path = MyCollectionViewCell.xib; sourceTree = "<group>"; };
		B103490D26A186F3003B9C20 /* CollectionViewController.swift */ = {isa = PBXFileReference; lastKnownFileType = sourcecode.swift; path = CollectionViewController.swift; sourceTree = "<group>"; };
		B12ACB452682088300EDBBD9 /* DatabaseManager.swift */ = {isa = PBXFileReference; lastKnownFileType = sourcecode.swift; path = DatabaseManager.swift; sourceTree = "<group>"; };
		B16E81AA267DA78800045056 /* CountryManager.swift */ = {isa = PBXFileReference; lastKnownFileType = sourcecode.swift; path = CountryManager.swift; sourceTree = "<group>"; };
/* End PBXFileReference section */

/* Begin PBXFrameworksBuildPhase section */
		392B92E32660A53600686C41 /* Frameworks */ = {
			isa = PBXFrameworksBuildPhase;
			buildActionMask = 2147483647;
			files = (
				93E4D04FF49D4A81E113F5E3 /* Pods_CineMatch_v1.framework in Frameworks */,
			);
			runOnlyForDeploymentPostprocessing = 0;
		};
/* End PBXFrameworksBuildPhase section */

/* Begin PBXGroup section */
		13A88FA32DA9053F01A9B607 /* Frameworks */ = {
			isa = PBXGroup;
			children = (
				A3933FDB22B3CDB6FF3ECF56 /* Pods_CineMatch_v1.framework */,
			);
			name = Frameworks;
			sourceTree = "<group>";
		};
		370233D36020292D926B80A3 /* Pods */ = {
			isa = PBXGroup;
			children = (
				561D04CA5DDDECE131D6AC23 /* Pods-CineMatch_v1.debug.xcconfig */,
				3BB3476C801139DD1FB5AB40 /* Pods-CineMatch_v1.release.xcconfig */,
			);
			path = Pods;
			sourceTree = "<group>";
		};
		392B92DD2660A53600686C41 = {
			isa = PBXGroup;
			children = (
				392B92E82660A53600686C41 /* CineMatch_v1 */,
				392B92E72660A53600686C41 /* Products */,
				370233D36020292D926B80A3 /* Pods */,
				13A88FA32DA9053F01A9B607 /* Frameworks */,
			);
			sourceTree = "<group>";
		};
		392B92E72660A53600686C41 /* Products */ = {
			isa = PBXGroup;
			children = (
				392B92E62660A53600686C41 /* CineMatch_v1.app */,
			);
			name = Products;
			sourceTree = "<group>";
		};
		392B92E82660A53600686C41 /* CineMatch_v1 */ = {
			isa = PBXGroup;
			children = (
				392B92E92660A53600686C41 /* AppDelegate.swift */,
				392B92EB2660A53600686C41 /* SceneDelegate.swift */,
				396BB8732673899600D9BC8E /* Model */,
				B10348F926A16E04003B9C20 /* ViewModel */,
				392B93042660C29400686C41 /* Views */,
				392B93052660C2B500686C41 /* Controllers */,
				B10348F426A16DA6003B9C20 /* Networking */,
				392B92F22660A53700686C41 /* Assets.xcassets */,
				392B92F42660A53700686C41 /* LaunchScreen.storyboard */,
				392B92F72660A53700686C41 /* Info.plist */,
				39064E6D267A5620008E9876 /* GoogleService-Info.plist */,
			);
			path = CineMatch_v1;
			sourceTree = "<group>";
		};
		392B93042660C29400686C41 /* Views */ = {
			isa = PBXGroup;
			children = (
				392B92EF2660A53600686C41 /* Main.storyboard */,
				39064E6526797F3D008E9876 /* SearchUserSessionCell.swift */,
				39064E6626797F3D008E9876 /* FriendSessionCell.xib */,
				391373FC2684E14500C9943B /* FriendReqCell.swift */,
				391373FD2684E14500C9943B /* FriendReqCell.xib */,
				B103490826A186A6003B9C20 /* MyCollectionViewCell.swift */,
				B103490926A186A6003B9C20 /* MyCollectionViewCell.xib */,
			);
			path = Views;
			sourceTree = "<group>";
		};
		392B93052660C2B500686C41 /* Controllers */ = {
			isa = PBXGroup;
			children = (
				392B92ED2660A53600686C41 /* LoginViewController.swift */,
				392B93082660CA0A00686C41 /* SignUpViewController.swift */,
				392B930C2660E13500686C41 /* ProfileViewController.swift */,
				392B930A2660DAA000686C41 /* HomeViewController.swift */,
				392B930E2660E19B00686C41 /* SearchViewController.swift */,
				392B931826611AC900686C41 /* MovieMatchesViewController.swift */,
				391374002684E8A400C9943B /* FriendRequestViewController.swift */,
				B10348FE26A16E29003B9C20 /* CardViewController.swift */,
				B103490126A171BD003B9C20 /* MovieDetailsViewController.swift */,
				B103490D26A186F3003B9C20 /* CollectionViewController.swift */,
			);
			path = Controllers;
			sourceTree = "<group>";
		};
		396BB8732673899600D9BC8E /* Model */ = {
			isa = PBXGroup;
			children = (
				B10348EC26A16D51003B9C20 /* Movies */,
				39064E692679AEEB008E9876 /* SearchUser.swift */,
				B16E81AA267DA78800045056 /* CountryManager.swift */,
				B12ACB452682088300EDBBD9 /* DatabaseManager.swift */,
			);
			path = Model;
			sourceTree = "<group>";
		};
		B10348EC26A16D51003B9C20 /* Movies */ = {
			isa = PBXGroup;
			children = (
				B10348ED26A16D61003B9C20 /* MovieCards.swift */,
			);
			path = Movies;
			sourceTree = "<group>";
		};
		B10348F426A16DA6003B9C20 /* Networking */ = {
			isa = PBXGroup;
			children = (
				B10348F526A16DBA003B9C20 /* ApiService.swift */,
			);
			path = Networking;
			sourceTree = "<group>";
		};
		B10348F926A16E04003B9C20 /* ViewModel */ = {
			isa = PBXGroup;
			children = (
				B10348FA26A16E12003B9C20 /* CardViewModel.swift */,
			);
			path = ViewModel;
			sourceTree = "<group>";
		};
/* End PBXGroup section */

/* Begin PBXNativeTarget section */
		392B92E52660A53600686C41 /* CineMatch_v1 */ = {
			isa = PBXNativeTarget;
			buildConfigurationList = 392B92FA2660A53700686C41 /* Build configuration list for PBXNativeTarget "CineMatch_v1" */;
			buildPhases = (
				6EF55FF99E9D48C628E3A2C7 /* [CP] Check Pods Manifest.lock */,
				392B92E22660A53600686C41 /* Sources */,
				392B92E32660A53600686C41 /* Frameworks */,
				392B92E42660A53600686C41 /* Resources */,
				01E3D14A538CDC02F9732D32 /* [CP] Embed Pods Frameworks */,
			);
			buildRules = (
			);
			dependencies = (
			);
			name = CineMatch_v1;
			productName = CineMatch_v1;
			productReference = 392B92E62660A53600686C41 /* CineMatch_v1.app */;
			productType = "com.apple.product-type.application";
		};
/* End PBXNativeTarget section */

/* Begin PBXProject section */
		392B92DE2660A53600686C41 /* Project object */ = {
			isa = PBXProject;
			attributes = {
				LastSwiftUpdateCheck = 1250;
				LastUpgradeCheck = 1250;
				TargetAttributes = {
					392B92E52660A53600686C41 = {
						CreatedOnToolsVersion = 12.5;
					};
				};
			};
			buildConfigurationList = 392B92E12660A53600686C41 /* Build configuration list for PBXProject "CineMatch_v1" */;
			compatibilityVersion = "Xcode 9.3";
			developmentRegion = en;
			hasScannedForEncodings = 0;
			knownRegions = (
				en,
				Base,
			);
			mainGroup = 392B92DD2660A53600686C41;
			productRefGroup = 392B92E72660A53600686C41 /* Products */;
			projectDirPath = "";
			projectRoot = "";
			targets = (
				392B92E52660A53600686C41 /* CineMatch_v1 */,
			);
		};
/* End PBXProject section */

/* Begin PBXResourcesBuildPhase section */
		392B92E42660A53600686C41 /* Resources */ = {
			isa = PBXResourcesBuildPhase;
			buildActionMask = 2147483647;
			files = (
				391373FF2684E14500C9943B /* FriendReqCell.xib in Resources */,
				B103490B26A186A6003B9C20 /* MyCollectionViewCell.xib in Resources */,
				392B92F62660A53700686C41 /* LaunchScreen.storyboard in Resources */,
				392B92F32660A53700686C41 /* Assets.xcassets in Resources */,
				39064E6E267A5620008E9876 /* GoogleService-Info.plist in Resources */,
				39064E6826797F3D008E9876 /* FriendSessionCell.xib in Resources */,
				392B92F12660A53600686C41 /* Main.storyboard in Resources */,
			);
			runOnlyForDeploymentPostprocessing = 0;
		};
/* End PBXResourcesBuildPhase section */

/* Begin PBXShellScriptBuildPhase section */
		01E3D14A538CDC02F9732D32 /* [CP] Embed Pods Frameworks */ = {
			isa = PBXShellScriptBuildPhase;
			buildActionMask = 2147483647;
			files = (
			);
			inputFileListPaths = (
				"${PODS_ROOT}/Target Support Files/Pods-CineMatch_v1/Pods-CineMatch_v1-frameworks-${CONFIGURATION}-input-files.xcfilelist",
			);
			name = "[CP] Embed Pods Frameworks";
			outputFileListPaths = (
				"${PODS_ROOT}/Target Support Files/Pods-CineMatch_v1/Pods-CineMatch_v1-frameworks-${CONFIGURATION}-output-files.xcfilelist",
			);
			runOnlyForDeploymentPostprocessing = 0;
			shellPath = /bin/sh;
			shellScript = "\"${PODS_ROOT}/Target Support Files/Pods-CineMatch_v1/Pods-CineMatch_v1-frameworks.sh\"\n";
			showEnvVarsInLog = 0;
		};
		6EF55FF99E9D48C628E3A2C7 /* [CP] Check Pods Manifest.lock */ = {
			isa = PBXShellScriptBuildPhase;
			buildActionMask = 2147483647;
			files = (
			);
			inputFileListPaths = (
			);
			inputPaths = (
				"${PODS_PODFILE_DIR_PATH}/Podfile.lock",
				"${PODS_ROOT}/Manifest.lock",
			);
			name = "[CP] Check Pods Manifest.lock";
			outputFileListPaths = (
			);
			outputPaths = (
				"$(DERIVED_FILE_DIR)/Pods-CineMatch_v1-checkManifestLockResult.txt",
			);
			runOnlyForDeploymentPostprocessing = 0;
			shellPath = /bin/sh;
			shellScript = "diff \"${PODS_PODFILE_DIR_PATH}/Podfile.lock\" \"${PODS_ROOT}/Manifest.lock\" > /dev/null\nif [ $? != 0 ] ; then\n    # print error to STDERR\n    echo \"error: The sandbox is not in sync with the Podfile.lock. Run 'pod install' or update your CocoaPods installation.\" >&2\n    exit 1\nfi\n# This output is used by Xcode 'outputs' to avoid re-running this script phase.\necho \"SUCCESS\" > \"${SCRIPT_OUTPUT_FILE_0}\"\n";
			showEnvVarsInLog = 0;
		};
/* End PBXShellScriptBuildPhase section */

/* Begin PBXSourcesBuildPhase section */
		392B92E22660A53600686C41 /* Sources */ = {
			isa = PBXSourcesBuildPhase;
			buildActionMask = 2147483647;
			files = (
				B103490226A171BD003B9C20 /* MovieDetailsViewController.swift in Sources */,
				392B930D2660E13500686C41 /* ProfileViewController.swift in Sources */,
				39064E6A2679AEEB008E9876 /* SearchUser.swift in Sources */,
				B12ACB462682088300EDBBD9 /* DatabaseManager.swift in Sources */,
				B10348FF26A16E29003B9C20 /* CardViewController.swift in Sources */,
				391374012684E8A400C9943B /* FriendRequestViewController.swift in Sources */,
				39064E6726797F3D008E9876 /* SearchUserSessionCell.swift in Sources */,
				392B931926611AC900686C41 /* MovieMatchesViewController.swift in Sources */,
				B103490A26A186A6003B9C20 /* MyCollectionViewCell.swift in Sources */,
				392B930F2660E19B00686C41 /* SearchViewController.swift in Sources */,
				B103490E26A186F3003B9C20 /* CollectionViewController.swift in Sources */,
				B16E81AB267DA78800045056 /* CountryManager.swift in Sources */,
				B10348EE26A16D61003B9C20 /* MovieCards.swift in Sources */,
				B10348FB26A16E12003B9C20 /* CardViewModel.swift in Sources */,
				392B930B2660DAA000686C41 /* HomeViewController.swift in Sources */,
				392B92EE2660A53600686C41 /* LoginViewController.swift in Sources */,
				392B92EA2660A53600686C41 /* AppDelegate.swift in Sources */,
				B10348F626A16DBA003B9C20 /* ApiService.swift in Sources */,
				391373FE2684E14500C9943B /* FriendReqCell.swift in Sources */,
				392B93092660CA0A00686C41 /* SignUpViewController.swift in Sources */,
				392B92EC2660A53600686C41 /* SceneDelegate.swift in Sources */,
			);
			runOnlyForDeploymentPostprocessing = 0;
		};
/* End PBXSourcesBuildPhase section */

/* Begin PBXVariantGroup section */
		392B92EF2660A53600686C41 /* Main.storyboard */ = {
			isa = PBXVariantGroup;
			children = (
				392B92F02660A53600686C41 /* Base */,
			);
			name = Main.storyboard;
			sourceTree = "<group>";
		};
		392B92F42660A53700686C41 /* LaunchScreen.storyboard */ = {
			isa = PBXVariantGroup;
			children = (
				392B92F52660A53700686C41 /* Base */,
			);
			name = LaunchScreen.storyboard;
			sourceTree = "<group>";
		};
/* End PBXVariantGroup section */

/* Begin XCBuildConfiguration section */
		392B92F82660A53700686C41 /* Debug */ = {
			isa = XCBuildConfiguration;
			buildSettings = {
				ALWAYS_SEARCH_USER_PATHS = NO;
				CLANG_ANALYZER_NONNULL = YES;
				CLANG_ANALYZER_NUMBER_OBJECT_CONVERSION = YES_AGGRESSIVE;
				CLANG_CXX_LANGUAGE_STANDARD = "gnu++14";
				CLANG_CXX_LIBRARY = "libc++";
				CLANG_ENABLE_MODULES = YES;
				CLANG_ENABLE_OBJC_ARC = YES;
				CLANG_ENABLE_OBJC_WEAK = YES;
				CLANG_WARN_BLOCK_CAPTURE_AUTORELEASING = YES;
				CLANG_WARN_BOOL_CONVERSION = YES;
				CLANG_WARN_COMMA = YES;
				CLANG_WARN_CONSTANT_CONVERSION = YES;
				CLANG_WARN_DEPRECATED_OBJC_IMPLEMENTATIONS = YES;
				CLANG_WARN_DIRECT_OBJC_ISA_USAGE = YES_ERROR;
				CLANG_WARN_DOCUMENTATION_COMMENTS = YES;
				CLANG_WARN_EMPTY_BODY = YES;
				CLANG_WARN_ENUM_CONVERSION = YES;
				CLANG_WARN_INFINITE_RECURSION = YES;
				CLANG_WARN_INT_CONVERSION = YES;
				CLANG_WARN_NON_LITERAL_NULL_CONVERSION = YES;
				CLANG_WARN_OBJC_IMPLICIT_RETAIN_SELF = YES;
				CLANG_WARN_OBJC_LITERAL_CONVERSION = YES;
				CLANG_WARN_OBJC_ROOT_CLASS = YES_ERROR;
				CLANG_WARN_QUOTED_INCLUDE_IN_FRAMEWORK_HEADER = YES;
				CLANG_WARN_RANGE_LOOP_ANALYSIS = YES;
				CLANG_WARN_STRICT_PROTOTYPES = YES;
				CLANG_WARN_SUSPICIOUS_MOVE = YES;
				CLANG_WARN_UNGUARDED_AVAILABILITY = YES_AGGRESSIVE;
				CLANG_WARN_UNREACHABLE_CODE = YES;
				CLANG_WARN__DUPLICATE_METHOD_MATCH = YES;
				COPY_PHASE_STRIP = NO;
				DEBUG_INFORMATION_FORMAT = dwarf;
				ENABLE_STRICT_OBJC_MSGSEND = YES;
				ENABLE_TESTABILITY = YES;
				GCC_C_LANGUAGE_STANDARD = gnu11;
				GCC_DYNAMIC_NO_PIC = NO;
				GCC_NO_COMMON_BLOCKS = YES;
				GCC_OPTIMIZATION_LEVEL = 0;
				GCC_PREPROCESSOR_DEFINITIONS = (
					"DEBUG=1",
					"$(inherited)",
				);
				GCC_WARN_64_TO_32_BIT_CONVERSION = YES;
				GCC_WARN_ABOUT_RETURN_TYPE = YES_ERROR;
				GCC_WARN_UNDECLARED_SELECTOR = YES;
				GCC_WARN_UNINITIALIZED_AUTOS = YES_AGGRESSIVE;
				GCC_WARN_UNUSED_FUNCTION = YES;
				GCC_WARN_UNUSED_VARIABLE = YES;
				IPHONEOS_DEPLOYMENT_TARGET = 14.5;
				MTL_ENABLE_DEBUG_INFO = INCLUDE_SOURCE;
				MTL_FAST_MATH = YES;
				ONLY_ACTIVE_ARCH = YES;
				SDKROOT = iphoneos;
				SWIFT_ACTIVE_COMPILATION_CONDITIONS = DEBUG;
				SWIFT_OPTIMIZATION_LEVEL = "-Onone";
			};
			name = Debug;
		};
		392B92F92660A53700686C41 /* Release */ = {
			isa = XCBuildConfiguration;
			buildSettings = {
				ALWAYS_SEARCH_USER_PATHS = NO;
				CLANG_ANALYZER_NONNULL = YES;
				CLANG_ANALYZER_NUMBER_OBJECT_CONVERSION = YES_AGGRESSIVE;
				CLANG_CXX_LANGUAGE_STANDARD = "gnu++14";
				CLANG_CXX_LIBRARY = "libc++";
				CLANG_ENABLE_MODULES = YES;
				CLANG_ENABLE_OBJC_ARC = YES;
				CLANG_ENABLE_OBJC_WEAK = YES;
				CLANG_WARN_BLOCK_CAPTURE_AUTORELEASING = YES;
				CLANG_WARN_BOOL_CONVERSION = YES;
				CLANG_WARN_COMMA = YES;
				CLANG_WARN_CONSTANT_CONVERSION = YES;
				CLANG_WARN_DEPRECATED_OBJC_IMPLEMENTATIONS = YES;
				CLANG_WARN_DIRECT_OBJC_ISA_USAGE = YES_ERROR;
				CLANG_WARN_DOCUMENTATION_COMMENTS = YES;
				CLANG_WARN_EMPTY_BODY = YES;
				CLANG_WARN_ENUM_CONVERSION = YES;
				CLANG_WARN_INFINITE_RECURSION = YES;
				CLANG_WARN_INT_CONVERSION = YES;
				CLANG_WARN_NON_LITERAL_NULL_CONVERSION = YES;
				CLANG_WARN_OBJC_IMPLICIT_RETAIN_SELF = YES;
				CLANG_WARN_OBJC_LITERAL_CONVERSION = YES;
				CLANG_WARN_OBJC_ROOT_CLASS = YES_ERROR;
				CLANG_WARN_QUOTED_INCLUDE_IN_FRAMEWORK_HEADER = YES;
				CLANG_WARN_RANGE_LOOP_ANALYSIS = YES;
				CLANG_WARN_STRICT_PROTOTYPES = YES;
				CLANG_WARN_SUSPICIOUS_MOVE = YES;
				CLANG_WARN_UNGUARDED_AVAILABILITY = YES_AGGRESSIVE;
				CLANG_WARN_UNREACHABLE_CODE = YES;
				CLANG_WARN__DUPLICATE_METHOD_MATCH = YES;
				COPY_PHASE_STRIP = NO;
				DEBUG_INFORMATION_FORMAT = "dwarf-with-dsym";
				ENABLE_NS_ASSERTIONS = NO;
				ENABLE_STRICT_OBJC_MSGSEND = YES;
				GCC_C_LANGUAGE_STANDARD = gnu11;
				GCC_NO_COMMON_BLOCKS = YES;
				GCC_WARN_64_TO_32_BIT_CONVERSION = YES;
				GCC_WARN_ABOUT_RETURN_TYPE = YES_ERROR;
				GCC_WARN_UNDECLARED_SELECTOR = YES;
				GCC_WARN_UNINITIALIZED_AUTOS = YES_AGGRESSIVE;
				GCC_WARN_UNUSED_FUNCTION = YES;
				GCC_WARN_UNUSED_VARIABLE = YES;
				IPHONEOS_DEPLOYMENT_TARGET = 14.5;
				MTL_ENABLE_DEBUG_INFO = NO;
				MTL_FAST_MATH = YES;
				SDKROOT = iphoneos;
				SWIFT_COMPILATION_MODE = wholemodule;
				SWIFT_OPTIMIZATION_LEVEL = "-O";
				VALIDATE_PRODUCT = YES;
			};
			name = Release;
		};
		392B92FB2660A53700686C41 /* Debug */ = {
			isa = XCBuildConfiguration;
			baseConfigurationReference = 561D04CA5DDDECE131D6AC23 /* Pods-CineMatch_v1.debug.xcconfig */;
			buildSettings = {
				ASSETCATALOG_COMPILER_APPICON_NAME = AppIcon;
				ASSETCATALOG_COMPILER_GLOBAL_ACCENT_COLOR_NAME = AccentColor;
				CODE_SIGN_STYLE = Automatic;
				INFOPLIST_FILE = CineMatch_v1/Info.plist;
				IPHONEOS_DEPLOYMENT_TARGET = 14.4;
				LD_RUNPATH_SEARCH_PATHS = (
					"$(inherited)",
					"@executable_path/Frameworks",
				);
				PRODUCT_BUNDLE_IDENTIFIER = "com.KaushikR.CineMatch-v1";
				PRODUCT_NAME = "$(TARGET_NAME)";
				SWIFT_VERSION = 5.0;
				TARGETED_DEVICE_FAMILY = "1,2";
			};
			name = Debug;
		};
		392B92FC2660A53700686C41 /* Release */ = {
			isa = XCBuildConfiguration;
			baseConfigurationReference = 3BB3476C801139DD1FB5AB40 /* Pods-CineMatch_v1.release.xcconfig */;
			buildSettings = {
				ASSETCATALOG_COMPILER_APPICON_NAME = AppIcon;
				ASSETCATALOG_COMPILER_GLOBAL_ACCENT_COLOR_NAME = AccentColor;
				CODE_SIGN_STYLE = Automatic;
				INFOPLIST_FILE = CineMatch_v1/Info.plist;
				IPHONEOS_DEPLOYMENT_TARGET = 14.4;
				LD_RUNPATH_SEARCH_PATHS = (
					"$(inherited)",
					"@executable_path/Frameworks",
				);
				PRODUCT_BUNDLE_IDENTIFIER = "com.KaushikR.CineMatch-v1";
				PRODUCT_NAME = "$(TARGET_NAME)";
				SWIFT_VERSION = 5.0;
				TARGETED_DEVICE_FAMILY = "1,2";
			};
			name = Release;
		};
/* End XCBuildConfiguration section */

/* Begin XCConfigurationList section */
		392B92E12660A53600686C41 /* Build configuration list for PBXProject "CineMatch_v1" */ = {
			isa = XCConfigurationList;
			buildConfigurations = (
				392B92F82660A53700686C41 /* Debug */,
				392B92F92660A53700686C41 /* Release */,
			);
			defaultConfigurationIsVisible = 0;
			defaultConfigurationName = Release;
		};
		392B92FA2660A53700686C41 /* Build configuration list for PBXNativeTarget "CineMatch_v1" */ = {
			isa = XCConfigurationList;
			buildConfigurations = (
				392B92FB2660A53700686C41 /* Debug */,
				392B92FC2660A53700686C41 /* Release */,
			);
			defaultConfigurationIsVisible = 0;
			defaultConfigurationName = Release;
		};
/* End XCConfigurationList section */
	};
	rootObject = 392B92DE2660A53600686C41 /* Project object */;
}
